
Microsoft Visual Studio Solution File, Format Version 12.00
# Visual Studio 15
VisualStudioVersion = 15.0.27004.2006
MinimumVisualStudioVersion = 10.0.40219.1
Project("{8BC9CEB8-8B4A-11D0-8D11-00A0C91BC942}") = "OpenGL", "OpenGL\OpenGL.vcxproj", "{62182CF0-C5DF-4C29-B287-263CCBCA1B29}"
EndProject
Project("{8BC9CEB8-8B4A-11D0-8D11-00A0C91BC942}") = "RenderEngine", "RenderEngine\RenderEngine.vcxproj", "{F689F273-EF25-4768-8159-0A0A477328A3}"
EndProject
Project("{8BC9CEB8-8B4A-11D0-8D11-00A0C91BC942}") = "Shaders", "Shaders\Shaders.vcxproj", "{89E1D990-0546-436C-B2ED-F021450854BB}"
EndProject
Global
	GlobalSection(SolutionConfigurationPlatforms) = preSolution
		Debug|x64 = Debug|x64
		Debug|x86 = Debug|x86
		Release|x64 = Release|x64
		Release|x86 = Release|x86
	EndGlobalSection
	GlobalSection(ProjectConfigurationPlatforms) = postSolution
		{62182CF0-C5DF-4C29-B287-263CCBCA1B29}.Debug|x64.ActiveCfg = Debug|x64
		{62182CF0-C5DF-4C29-B287-263CCBCA1B29}.Debug|x64.Build.0 = Debug|x64
		{62182CF0-C5DF-4C29-B287-263CCBCA1B29}.Debug|x86.ActiveCfg = Debug|Win32
		{62182CF0-C5DF-4C29-B287-263CCBCA1B29}.Debug|x86.Build.0 = Debug|Win32
		{62182CF0-C5DF-4C29-B287-263CCBCA1B29}.Release|x64.ActiveCfg = Release|x64
		{62182CF0-C5DF-4C29-B287-263CCBCA1B29}.Release|x64.Build.0 = Release|x64
		{62182CF0-C5DF-4C29-B287-263CCBCA1B29}.Release|x86.ActiveCfg = Release|Win32
		{62182CF0-C5DF-4C29-B287-263CCBCA1B29}.Release|x86.Build.0 = Release|Win32
		{F689F273-EF25-4768-8159-0A0A477328A3}.Debug|x64.ActiveCfg = Debug|x64
		{F689F273-EF25-4768-8159-0A0A477328A3}.Debug|x64.Build.0 = Debug|x64
		{F689F273-EF25-4768-8159-0A0A477328A3}.Debug|x86.ActiveCfg = Debug|Win32
		{F689F273-EF25-4768-8159-0A0A477328A3}.Debug|x86.Build.0 = Debug|Win32
		{F689F273-EF25-4768-8159-0A0A477328A3}.Release|x64.ActiveCfg = Release|x64
		{F689F273-EF25-4768-8159-0A0A477328A3}.Release|x64.Build.0 = Release|x64
		{F689F273-EF25-4768-8159-0A0A477328A3}.Release|x86.ActiveCfg = Release|Win32
		{F689F273-EF25-4768-8159-0A0A477328A3}.Release|x86.Build.0 = Release|Win32
		{89E1D990-0546-436C-B2ED-F021450854BB}.Debug|x64.ActiveCfg = Debug|x64
		{89E1D990-0546-436C-B2ED-F021450854BB}.Debug|x64.Build.0 = Debug|x64
		{89E1D990-0546-436C-B2ED-F021450854BB}.Debug|x86.ActiveCfg = Debug|Win32
		{89E1D990-0546-436C-B2ED-F021450854BB}.Debug|x86.Build.0 = Debug|Win32
		{89E1D990-0546-436C-B2ED-F021450854BB}.Release|x64.ActiveCfg = Release|x64
		{89E1D990-0546-436C-B2ED-F021450854BB}.Release|x64.Build.0 = Release|x64
		{89E1D990-0546-436C-B2ED-F021450854BB}.Release|x86.ActiveCfg = Release|Win32
		{89E1D990-0546-436C-B2ED-F021450854BB}.Release|x86.Build.0 = Release|Win32
	EndGlobalSection
	GlobalSection(SolutionProperties) = preSolution
		HideSolutionNode = FALSE
	EndGlobalSection
	GlobalSection(ExtensibilityGlobals) = postSolution
		SolutionGuid = {5F03B99F-DE25-436F-8BF6-32B8B0AE58E0}
	EndGlobalSection
EndGlobal
